Microsoft Visual Studio Solution File, Format Version 11.00
# Visual Studio 2008

Project("{11F75617-B794-CB00-BD00-0B821EA22F4F}") = "CPU_Project_02_Data", "Assembly-CSharp.csproj", "{48DCBCA7-429E-6065-E29F-78E9D5A30B9B}"
EndProject
Global
	GlobalSection(SolutionConfigurationPlatforms) = preSolution
		Debug|Any CPU = Debug|Any CPU
		Release|Any CPU = Release|Any CPU
	EndGlobalSection
	GlobalSection(ProjectConfigurationPlatforms) = postSolution
		{48DCBCA7-429E-6065-E29F-78E9D5A30B9B}.Debug|Any CPU.ActiveCfg = Debug|Any CPU
		{48DCBCA7-429E-6065-E29F-78E9D5A30B9B}.Debug|Any CPU.Build.0 = Debug|Any CPU
		{48DCBCA7-429E-6065-E29F-78E9D5A30B9B}.Release|Any CPU.ActiveCfg = Release|Any CPU
		{48DCBCA7-429E-6065-E29F-78E9D5A30B9B}.Release|Any CPU.Build.0 = Release|Any CPU
	EndGlobalSection
	GlobalSection(SolutionProperties) = preSolution
		HideSolutionNode = FALSE
	EndGlobalSection
	GlobalSection(MonoDevelopProperties) = preSolution
		StartupItem = Assembly-CSharp.csproj
	EndGlobalSection
EndGlobal
